
Microsoft Visual Studio Solution File, Format Version 12.00
# Visual Studio Version 16
VisualStudioVersion = 16.0.32428.217
MinimumVisualStudioVersion = 10.0.40219.1
Project("{FAE04EC0-301F-11D3-BF4B-00C04F79EFBC}") = "ECL", "ECL.csproj", "{3728B4DC-F145-41F1-8392-46BBAA819C71}"
EndProject
Global
	GlobalSection(SolutionConfigurationPlatforms) = preSolution
		Debug|Any CPU = Debug|Any CPU
		Release|Any CPU = Release|Any CPU
	EndGlobalSection
	GlobalSection(ProjectConfigurationPlatforms) = postSolution
		{3728B4DC-F145-41F1-8392-46BBAA819C71}.Debug|Any CPU.ActiveCfg = Debug|Any CPU
		{3728B4DC-F145-41F1-8392-46BBAA819C71}.Debug|Any CPU.Build.0 = Debug|Any CPU
		{3728B4DC-F145-41F1-8392-46BBAA819C71}.Release|Any CPU.ActiveCfg = Release|Any CPU
		{3728B4DC-F145-41F1-8392-46BBAA819C71}.Release|Any CPU.Build.0 = Release|Any CPU
	EndGlobalSection
	GlobalSection(SolutionProperties) = preSolution
		HideSolutionNode = FALSE
	EndGlobalSection
	GlobalSection(ExtensibilityGlobals) = postSolution
		SolutionGuid = {360F683E-5728-449A-BC5E-73BA10DE6129}
	EndGlobalSection
EndGlobal
